
Microsoft Visual Studio Solution File, Format Version 12.00
# Visual Studio Version 17
VisualStudioVersion = 17.0.31903.59
MinimumVisualStudioVersion = 10.0.40219.1
Project("{2150E333-8FDC-42A3-9474-1A3956D46DE8}") = "src", "src", "{827E0CD3-B72D-47B6-A68D-7590B98EB39B}"
EndProject
Project("{FAE04EC0-301F-11D3-BF4B-00C04F79EFBC}") = "KF.RestApi.Common.Abstractions", "src\KF.RestApi.Common.Abstractions\KF.RestApi.Common.Abstractions.csproj", "{CF587449-3E0C-4020-8CA3-D94EF01677DC}"
EndProject
Project("{FAE04EC0-301F-11D3-BF4B-00C04F79EFBC}") = "KF.RestApi.Common.Analyzers", "src\KF.RestApi.Common.Analyzers\KF.RestApi.Common.Analyzers.csproj", "{F1463725-140B-4B85-822E-4D8E342D3B65}"
EndProject
Project("{FAE04EC0-301F-11D3-BF4B-00C04F79EFBC}") = "KF.RestApi.Common.Observability", "src\KF.RestApi.Common.Observability\KF.RestApi.Common.Observability.csproj", "{BFB7DE5B-6652-4B8B-A620-2B5FC98C09F8}"
EndProject
Project("{FAE04EC0-301F-11D3-BF4B-00C04F79EFBC}") = "KF.RestApi.Common.Persistence", "src\KF.RestApi.Common.Persistence\KF.RestApi.Common.Persistence.csproj", "{81ADDEEB-59B0-4FA6-BDFF-E107A8B063CF}"
EndProject
Project("{FAE04EC0-301F-11D3-BF4B-00C04F79EFBC}") = "KF.RestApi.Host.Internal", "src\KF.RestApi.Host.Internal\KF.RestApi.Host.Internal.csproj", "{113E974A-4964-4082-BA90-E23D495D36C1}"
EndProject
Project("{2150E333-8FDC-42A3-9474-1A3956D46DE8}") = "KF.Web.Authorization", "KF.Web.Authorization", "{8745CFBC-8C72-FB2C-510F-D780164FACB3}"
EndProject
Project("{2150E333-8FDC-42A3-9474-1A3956D46DE8}") = "src", "src", "{F490E381-3BA6-4442-15F2-7CEABB2240D7}"
EndProject
Project("{FAE04EC0-301F-11D3-BF4B-00C04F79EFBC}") = "KF.Web.Authorization", "src\KF.Web.Authorization\src\KF.Web.Authorization\KF.Web.Authorization.csproj", "{E1FB9BE7-55ED-4581-AD6A-73D905AC7C92}"
EndProject
Project("{2150E333-8FDC-42A3-9474-1A3956D46DE8}") = "tst", "tst", "{927D5C5A-C3F5-A059-FD9E-09B4C1EC2C3D}"
EndProject
Project("{FAE04EC0-301F-11D3-BF4B-00C04F79EFBC}") = "KF.RestApi.Common.Abstractions.Tests", "tst\KF.RestApi.Common.Abstractions.Tests\KF.RestApi.Common.Abstractions.Tests.csproj", "{2065CE60-8A9D-4769-8CAD-A0C015545930}"
EndProject
Project("{FAE04EC0-301F-11D3-BF4B-00C04F79EFBC}") = "KF.RestApi.Common.Analyzers.Tests", "tst\KF.RestApi.Common.Analyzers.Tests\KF.RestApi.Common.Analyzers.Tests.csproj", "{2029E766-0FA4-4B99-8A80-F89191AA08E4}"
EndProject
Project("{FAE04EC0-301F-11D3-BF4B-00C04F79EFBC}") = "KF.RestApi.Common.Observability.Tests", "tst\KF.RestApi.Common.Observability.Tests\KF.RestApi.Common.Observability.Tests.csproj", "{71268136-CF96-490B-95EB-55720DD71E7E}"
EndProject
Project("{FAE04EC0-301F-11D3-BF4B-00C04F79EFBC}") = "KF.RestApi.Common.Persistence.Tests", "tst\KF.RestApi.Common.Persistence.Tests\KF.RestApi.Common.Persistence.Tests.csproj", "{22415DEF-A723-4AFF-B880-CFE9DE2614AA}"
EndProject
Project("{FAE04EC0-301F-11D3-BF4B-00C04F79EFBC}") = "KF.Web.Authorization.Tests", "tst\KF.Web.Authorization.Tests\KF.Web.Authorization.Tests.csproj", "{DFE5224A-EDE1-4D09-A963-35BDA4F65EB3}"
EndProject
Project("{FAE04EC0-301F-11D3-BF4B-00C04F79EFBC}") = "KF.Web.Authorization.Sample", "tst\KF.Web.Authorization.Sample\KF.Web.Authorization.Sample.csproj", "{F60BA199-D564-439F-8DEE-520978CF0ED6}"
EndProject
Project("{FAE04EC0-301F-11D3-BF4B-00C04F79EFBC}") = "KF.RestApi.Client.Sample", "tst\KF.RestApi.Client.Sample\KF.RestApi.Client.Sample.csproj", "{D288F5BF-3EC6-4FE2-87BC-C8EF54E8F2D0}"
EndProject
Project("{FAE04EC0-301F-11D3-BF4B-00C04F79EFBC}") = "KF.RestApi.Domain.Sample", "tst\KF.RestApi.Domain.Sample\KF.RestApi.Domain.Sample.csproj", "{443591CD-0A12-4BF9-ADA3-454D9852D9FF}"
EndProject
Project("{FAE04EC0-301F-11D3-BF4B-00C04F79EFBC}") = "KF.RestApi.External.Sample", "tst\KF.RestApi.External.Sample\KF.RestApi.External.Sample.csproj", "{BCF666D0-9E16-416B-9DE9-8CF454C86429}"
EndProject
Project("{FAE04EC0-301F-11D3-BF4B-00C04F79EFBC}") = "KF.RestApi.Internal.Sample", "tst\KF.RestApi.Internal.Sample\KF.RestApi.Internal.Sample.csproj", "{77006058-C80E-4ED1-8EDC-7EA7D7C6E12D}"
EndProject
Project("{FAE04EC0-301F-11D3-BF4B-00C04F79EFBC}") = "KF.RestApi.Architecture.ApiModuleSeed.Tests", "tst\KF.RestApi.Architecture.ApiModuleSeed.Tests\KF.RestApi.Architecture.ApiModuleSeed.Tests.csproj", "{B0FB595D-232C-4253-811F-A534B9274951}"
EndProject
Project("{FAE04EC0-301F-11D3-BF4B-00C04F79EFBC}") = "KF.RestApi.Architecture.Sample.Tests", "tst\KF.RestApi.Architecture.Sample.Tests\KF.RestApi.Architecture.Sample.Tests.csproj", "{6EF1670B-E31C-435E-B92E-159B05305B27}"
EndProject
Global
	GlobalSection(SolutionConfigurationPlatforms) = preSolution
		Debug|Any CPU = Debug|Any CPU
		Debug|x64 = Debug|x64
		Debug|x86 = Debug|x86
		Release|Any CPU = Release|Any CPU
		Release|x64 = Release|x64
		Release|x86 = Release|x86
	EndGlobalSection
	GlobalSection(ProjectConfigurationPlatforms) = postSolution
		{CF587449-3E0C-4020-8CA3-D94EF01677DC}.Debug|Any CPU.ActiveCfg = Debug|Any CPU
		{CF587449-3E0C-4020-8CA3-D94EF01677DC}.Debug|Any CPU.Build.0 = Debug|Any CPU
		{CF587449-3E0C-4020-8CA3-D94EF01677DC}.Debug|x64.ActiveCfg = Debug|Any CPU
		{CF587449-3E0C-4020-8CA3-D94EF01677DC}.Debug|x64.Build.0 = Debug|Any CPU
		{CF587449-3E0C-4020-8CA3-D94EF01677DC}.Debug|x86.ActiveCfg = Debug|Any CPU
		{CF587449-3E0C-4020-8CA3-D94EF01677DC}.Debug|x86.Build.0 = Debug|Any CPU
		{CF587449-3E0C-4020-8CA3-D94EF01677DC}.Release|Any CPU.ActiveCfg = Release|Any CPU
		{CF587449-3E0C-4020-8CA3-D94EF01677DC}.Release|Any CPU.Build.0 = Release|Any CPU
		{CF587449-3E0C-4020-8CA3-D94EF01677DC}.Release|x64.ActiveCfg = Release|Any CPU
		{CF587449-3E0C-4020-8CA3-D94EF01677DC}.Release|x64.Build.0 = Release|Any CPU
		{CF587449-3E0C-4020-8CA3-D94EF01677DC}.Release|x86.ActiveCfg = Release|Any CPU
		{CF587449-3E0C-4020-8CA3-D94EF01677DC}.Release|x86.Build.0 = Release|Any CPU
		{F1463725-140B-4B85-822E-4D8E342D3B65}.Debug|Any CPU.ActiveCfg = Debug|Any CPU
		{F1463725-140B-4B85-822E-4D8E342D3B65}.Debug|Any CPU.Build.0 = Debug|Any CPU
		{F1463725-140B-4B85-822E-4D8E342D3B65}.Debug|x64.ActiveCfg = Debug|Any CPU
		{F1463725-140B-4B85-822E-4D8E342D3B65}.Debug|x64.Build.0 = Debug|Any CPU
		{F1463725-140B-4B85-822E-4D8E342D3B65}.Debug|x86.ActiveCfg = Debug|Any CPU
		{F1463725-140B-4B85-822E-4D8E342D3B65}.Debug|x86.Build.0 = Debug|Any CPU
		{F1463725-140B-4B85-822E-4D8E342D3B65}.Release|Any CPU.ActiveCfg = Release|Any CPU
		{F1463725-140B-4B85-822E-4D8E342D3B65}.Release|Any CPU.Build.0 = Release|Any CPU
		{F1463725-140B-4B85-822E-4D8E342D3B65}.Release|x64.ActiveCfg = Release|Any CPU
		{F1463725-140B-4B85-822E-4D8E342D3B65}.Release|x64.Build.0 = Release|Any CPU
		{F1463725-140B-4B85-822E-4D8E342D3B65}.Release|x86.ActiveCfg = Release|Any CPU
		{F1463725-140B-4B85-822E-4D8E342D3B65}.Release|x86.Build.0 = Release|Any CPU
		{BFB7DE5B-6652-4B8B-A620-2B5FC98C09F8}.Debug|Any CPU.ActiveCfg = Debug|Any CPU
		{BFB7DE5B-6652-4B8B-A620-2B5FC98C09F8}.Debug|Any CPU.Build.0 = Debug|Any CPU
		{BFB7DE5B-6652-4B8B-A620-2B5FC98C09F8}.Debug|x64.ActiveCfg = Debug|Any CPU
		{BFB7DE5B-6652-4B8B-A620-2B5FC98C09F8}.Debug|x64.Build.0 = Debug|Any CPU
		{BFB7DE5B-6652-4B8B-A620-2B5FC98C09F8}.Debug|x86.ActiveCfg = Debug|Any CPU
		{BFB7DE5B-6652-4B8B-A620-2B5FC98C09F8}.Debug|x86.Build.0 = Debug|Any CPU
		{BFB7DE5B-6652-4B8B-A620-2B5FC98C09F8}.Release|Any CPU.ActiveCfg = Release|Any CPU
		{BFB7DE5B-6652-4B8B-A620-2B5FC98C09F8}.Release|Any CPU.Build.0 = Release|Any CPU
		{BFB7DE5B-6652-4B8B-A620-2B5FC98C09F8}.Release|x64.ActiveCfg = Release|Any CPU
		{BFB7DE5B-6652-4B8B-A620-2B5FC98C09F8}.Release|x64.Build.0 = Release|Any CPU
		{BFB7DE5B-6652-4B8B-A620-2B5FC98C09F8}.Release|x86.ActiveCfg = Release|Any CPU
		{BFB7DE5B-6652-4B8B-A620-2B5FC98C09F8}.Release|x86.Build.0 = Release|Any CPU
		{81ADDEEB-59B0-4FA6-BDFF-E107A8B063CF}.Debug|Any CPU.ActiveCfg = Debug|Any CPU
		{81ADDEEB-59B0-4FA6-BDFF-E107A8B063CF}.Debug|Any CPU.Build.0 = Debug|Any CPU
		{81ADDEEB-59B0-4FA6-BDFF-E107A8B063CF}.Debug|x64.ActiveCfg = Debug|Any CPU
		{81ADDEEB-59B0-4FA6-BDFF-E107A8B063CF}.Debug|x64.Build.0 = Debug|Any CPU
		{81ADDEEB-59B0-4FA6-BDFF-E107A8B063CF}.Debug|x86.ActiveCfg = Debug|Any CPU
		{81ADDEEB-59B0-4FA6-BDFF-E107A8B063CF}.Debug|x86.Build.0 = Debug|Any CPU
		{81ADDEEB-59B0-4FA6-BDFF-E107A8B063CF}.Release|Any CPU.ActiveCfg = Release|Any CPU
		{81ADDEEB-59B0-4FA6-BDFF-E107A8B063CF}.Release|Any CPU.Build.0 = Release|Any CPU
		{81ADDEEB-59B0-4FA6-BDFF-E107A8B063CF}.Release|x64.ActiveCfg = Release|Any CPU
		{81ADDEEB-59B0-4FA6-BDFF-E107A8B063CF}.Release|x64.Build.0 = Release|Any CPU
		{81ADDEEB-59B0-4FA6-BDFF-E107A8B063CF}.Release|x86.ActiveCfg = Release|Any CPU
		{81ADDEEB-59B0-4FA6-BDFF-E107A8B063CF}.Release|x86.Build.0 = Release|Any CPU
		{113E974A-4964-4082-BA90-E23D495D36C1}.Debug|Any CPU.ActiveCfg = Debug|Any CPU
		{113E974A-4964-4082-BA90-E23D495D36C1}.Debug|Any CPU.Build.0 = Debug|Any CPU
		{113E974A-4964-4082-BA90-E23D495D36C1}.Debug|x64.ActiveCfg = Debug|Any CPU
		{113E974A-4964-4082-BA90-E23D495D36C1}.Debug|x64.Build.0 = Debug|Any CPU
		{113E974A-4964-4082-BA90-E23D495D36C1}.Debug|x86.ActiveCfg = Debug|Any CPU
		{113E974A-4964-4082-BA90-E23D495D36C1}.Debug|x86.Build.0 = Debug|Any CPU
		{113E974A-4964-4082-BA90-E23D495D36C1}.Release|Any CPU.ActiveCfg = Release|Any CPU
		{113E974A-4964-4082-BA90-E23D495D36C1}.Release|Any CPU.Build.0 = Release|Any CPU
		{113E974A-4964-4082-BA90-E23D495D36C1}.Release|x64.ActiveCfg = Release|Any CPU
		{113E974A-4964-4082-BA90-E23D495D36C1}.Release|x64.Build.0 = Release|Any CPU
		{113E974A-4964-4082-BA90-E23D495D36C1}.Release|x86.ActiveCfg = Release|Any CPU
		{113E974A-4964-4082-BA90-E23D495D36C1}.Release|x86.Build.0 = Release|Any CPU
		{E1FB9BE7-55ED-4581-AD6A-73D905AC7C92}.Debug|Any CPU.ActiveCfg = Debug|Any CPU
		{E1FB9BE7-55ED-4581-AD6A-73D905AC7C92}.Debug|Any CPU.Build.0 = Debug|Any CPU
		{E1FB9BE7-55ED-4581-AD6A-73D905AC7C92}.Debug|x64.ActiveCfg = Debug|Any CPU
		{E1FB9BE7-55ED-4581-AD6A-73D905AC7C92}.Debug|x64.Build.0 = Debug|Any CPU
		{E1FB9BE7-55ED-4581-AD6A-73D905AC7C92}.Debug|x86.ActiveCfg = Debug|Any CPU
		{E1FB9BE7-55ED-4581-AD6A-73D905AC7C92}.Debug|x86.Build.0 = Debug|Any CPU
		{E1FB9BE7-55ED-4581-AD6A-73D905AC7C92}.Release|Any CPU.ActiveCfg = Release|Any CPU
		{E1FB9BE7-55ED-4581-AD6A-73D905AC7C92}.Release|Any CPU.Build.0 = Release|Any CPU
		{E1FB9BE7-55ED-4581-AD6A-73D905AC7C92}.Release|x64.ActiveCfg = Release|Any CPU
		{E1FB9BE7-55ED-4581-AD6A-73D905AC7C92}.Release|x64.Build.0 = Release|Any CPU
		{E1FB9BE7-55ED-4581-AD6A-73D905AC7C92}.Release|x86.ActiveCfg = Release|Any CPU
		{E1FB9BE7-55ED-4581-AD6A-73D905AC7C92}.Release|x86.Build.0 = Release|Any CPU
		{2065CE60-8A9D-4769-8CAD-A0C015545930}.Debug|Any CPU.ActiveCfg = Debug|Any CPU
		{2065CE60-8A9D-4769-8CAD-A0C015545930}.Debug|Any CPU.Build.0 = Debug|Any CPU
		{2065CE60-8A9D-4769-8CAD-A0C015545930}.Debug|x64.ActiveCfg = Debug|Any CPU
		{2065CE60-8A9D-4769-8CAD-A0C015545930}.Debug|x64.Build.0 = Debug|Any CPU
		{2065CE60-8A9D-4769-8CAD-A0C015545930}.Debug|x86.ActiveCfg = Debug|Any CPU
		{2065CE60-8A9D-4769-8CAD-A0C015545930}.Debug|x86.Build.0 = Debug|Any CPU
		{2065CE60-8A9D-4769-8CAD-A0C015545930}.Release|Any CPU.ActiveCfg = Release|Any CPU
		{2065CE60-8A9D-4769-8CAD-A0C015545930}.Release|Any CPU.Build.0 = Release|Any CPU
		{2065CE60-8A9D-4769-8CAD-A0C015545930}.Release|x64.ActiveCfg = Release|Any CPU
		{2065CE60-8A9D-4769-8CAD-A0C015545930}.Release|x64.Build.0 = Release|Any CPU
		{2065CE60-8A9D-4769-8CAD-A0C015545930}.Release|x86.ActiveCfg = Release|Any CPU
		{2065CE60-8A9D-4769-8CAD-A0C015545930}.Release|x86.Build.0 = Release|Any CPU
		{2029E766-0FA4-4B99-8A80-F89191AA08E4}.Debug|Any CPU.ActiveCfg = Debug|Any CPU
		{2029E766-0FA4-4B99-8A80-F89191AA08E4}.Debug|Any CPU.Build.0 = Debug|Any CPU
		{2029E766-0FA4-4B99-8A80-F89191AA08E4}.Debug|x64.ActiveCfg = Debug|Any CPU
		{2029E766-0FA4-4B99-8A80-F89191AA08E4}.Debug|x64.Build.0 = Debug|Any CPU
		{2029E766-0FA4-4B99-8A80-F89191AA08E4}.Debug|x86.ActiveCfg = Debug|Any CPU
		{2029E766-0FA4-4B99-8A80-F89191AA08E4}.Debug|x86.Build.0 = Debug|Any CPU
		{2029E766-0FA4-4B99-8A80-F89191AA08E4}.Release|Any CPU.ActiveCfg = Release|Any CPU
		{2029E766-0FA4-4B99-8A80-F89191AA08E4}.Release|Any CPU.Build.0 = Release|Any CPU
		{2029E766-0FA4-4B99-8A80-F89191AA08E4}.Release|x64.ActiveCfg = Release|Any CPU
		{2029E766-0FA4-4B99-8A80-F89191AA08E4}.Release|x64.Build.0 = Release|Any CPU
		{2029E766-0FA4-4B99-8A80-F89191AA08E4}.Release|x86.ActiveCfg = Release|Any CPU
		{2029E766-0FA4-4B99-8A80-F89191AA08E4}.Release|x86.Build.0 = Release|Any CPU
		{71268136-CF96-490B-95EB-55720DD71E7E}.Debug|Any CPU.ActiveCfg = Debug|Any CPU
		{71268136-CF96-490B-95EB-55720DD71E7E}.Debug|Any CPU.Build.0 = Debug|Any CPU
		{71268136-CF96-490B-95EB-55720DD71E7E}.Debug|x64.ActiveCfg = Debug|Any CPU
		{71268136-CF96-490B-95EB-55720DD71E7E}.Debug|x64.Build.0 = Debug|Any CPU
		{71268136-CF96-490B-95EB-55720DD71E7E}.Debug|x86.ActiveCfg = Debug|Any CPU
		{71268136-CF96-490B-95EB-55720DD71E7E}.Debug|x86.Build.0 = Debug|Any CPU
		{71268136-CF96-490B-95EB-55720DD71E7E}.Release|Any CPU.ActiveCfg = Release|Any CPU
		{71268136-CF96-490B-95EB-55720DD71E7E}.Release|Any CPU.Build.0 = Release|Any CPU
		{71268136-CF96-490B-95EB-55720DD71E7E}.Release|x64.ActiveCfg = Release|Any CPU
		{71268136-CF96-490B-95EB-55720DD71E7E}.Release|x64.Build.0 = Release|Any CPU
		{71268136-CF96-490B-95EB-55720DD71E7E}.Release|x86.ActiveCfg = Release|Any CPU
		{71268136-CF96-490B-95EB-55720DD71E7E}.Release|x86.Build.0 = Release|Any CPU
		{22415DEF-A723-4AFF-B880-CFE9DE2614AA}.Debug|Any CPU.ActiveCfg = Debug|Any CPU
		{22415DEF-A723-4AFF-B880-CFE9DE2614AA}.Debug|Any CPU.Build.0 = Debug|Any CPU
		{22415DEF-A723-4AFF-B880-CFE9DE2614AA}.Debug|x64.ActiveCfg = Debug|Any CPU
		{22415DEF-A723-4AFF-B880-CFE9DE2614AA}.Debug|x64.Build.0 = Debug|Any CPU
		{22415DEF-A723-4AFF-B880-CFE9DE2614AA}.Debug|x86.ActiveCfg = Debug|Any CPU
		{22415DEF-A723-4AFF-B880-CFE9DE2614AA}.Debug|x86.Build.0 = Debug|Any CPU
		{22415DEF-A723-4AFF-B880-CFE9DE2614AA}.Release|Any CPU.ActiveCfg = Release|Any CPU
		{22415DEF-A723-4AFF-B880-CFE9DE2614AA}.Release|Any CPU.Build.0 = Release|Any CPU
		{22415DEF-A723-4AFF-B880-CFE9DE2614AA}.Release|x64.ActiveCfg = Release|Any CPU
		{22415DEF-A723-4AFF-B880-CFE9DE2614AA}.Release|x64.Build.0 = Release|Any CPU
		{22415DEF-A723-4AFF-B880-CFE9DE2614AA}.Release|x86.ActiveCfg = Release|Any CPU
		{22415DEF-A723-4AFF-B880-CFE9DE2614AA}.Release|x86.Build.0 = Release|Any CPU
		{DFE5224A-EDE1-4D09-A963-35BDA4F65EB3}.Debug|Any CPU.ActiveCfg = Debug|Any CPU
		{DFE5224A-EDE1-4D09-A963-35BDA4F65EB3}.Debug|Any CPU.Build.0 = Debug|Any CPU
		{DFE5224A-EDE1-4D09-A963-35BDA4F65EB3}.Debug|x64.ActiveCfg = Debug|Any CPU
		{DFE5224A-EDE1-4D09-A963-35BDA4F65EB3}.Debug|x64.Build.0 = Debug|Any CPU
		{DFE5224A-EDE1-4D09-A963-35BDA4F65EB3}.Debug|x86.ActiveCfg = Debug|Any CPU
		{DFE5224A-EDE1-4D09-A963-35BDA4F65EB3}.Debug|x86.Build.0 = Debug|Any CPU
		{DFE5224A-EDE1-4D09-A963-35BDA4F65EB3}.Release|Any CPU.ActiveCfg = Release|Any CPU
		{DFE5224A-EDE1-4D09-A963-35BDA4F65EB3}.Release|Any CPU.Build.0 = Release|Any CPU
		{DFE5224A-EDE1-4D09-A963-35BDA4F65EB3}.Release|x64.ActiveCfg = Release|Any CPU
		{DFE5224A-EDE1-4D09-A963-35BDA4F65EB3}.Release|x64.Build.0 = Release|Any CPU
		{DFE5224A-EDE1-4D09-A963-35BDA4F65EB3}.Release|x86.ActiveCfg = Release|Any CPU
		{DFE5224A-EDE1-4D09-A963-35BDA4F65EB3}.Release|x86.Build.0 = Release|Any CPU
		{F60BA199-D564-439F-8DEE-520978CF0ED6}.Debug|Any CPU.ActiveCfg = Debug|Any CPU
		{F60BA199-D564-439F-8DEE-520978CF0ED6}.Debug|Any CPU.Build.0 = Debug|Any CPU
		{F60BA199-D564-439F-8DEE-520978CF0ED6}.Debug|x64.ActiveCfg = Debug|Any CPU
		{F60BA199-D564-439F-8DEE-520978CF0ED6}.Debug|x64.Build.0 = Debug|Any CPU
		{F60BA199-D564-439F-8DEE-520978CF0ED6}.Debug|x86.ActiveCfg = Debug|Any CPU
		{F60BA199-D564-439F-8DEE-520978CF0ED6}.Debug|x86.Build.0 = Debug|Any CPU
		{F60BA199-D564-439F-8DEE-520978CF0ED6}.Release|Any CPU.ActiveCfg = Release|Any CPU
		{F60BA199-D564-439F-8DEE-520978CF0ED6}.Release|Any CPU.Build.0 = Release|Any CPU
		{F60BA199-D564-439F-8DEE-520978CF0ED6}.Release|x64.ActiveCfg = Release|Any CPU
		{F60BA199-D564-439F-8DEE-520978CF0ED6}.Release|x64.Build.0 = Release|Any CPU
		{F60BA199-D564-439F-8DEE-520978CF0ED6}.Release|x86.ActiveCfg = Release|Any CPU
		{F60BA199-D564-439F-8DEE-520978CF0ED6}.Release|x86.Build.0 = Release|Any CPU
		{D288F5BF-3EC6-4FE2-87BC-C8EF54E8F2D0}.Debug|Any CPU.ActiveCfg = Debug|Any CPU
		{D288F5BF-3EC6-4FE2-87BC-C8EF54E8F2D0}.Debug|Any CPU.Build.0 = Debug|Any CPU
		{D288F5BF-3EC6-4FE2-87BC-C8EF54E8F2D0}.Debug|x64.ActiveCfg = Debug|Any CPU
		{D288F5BF-3EC6-4FE2-87BC-C8EF54E8F2D0}.Debug|x64.Build.0 = Debug|Any CPU
		{D288F5BF-3EC6-4FE2-87BC-C8EF54E8F2D0}.Debug|x86.ActiveCfg = Debug|Any CPU
		{D288F5BF-3EC6-4FE2-87BC-C8EF54E8F2D0}.Debug|x86.Build.0 = Debug|Any CPU
		{D288F5BF-3EC6-4FE2-87BC-C8EF54E8F2D0}.Release|Any CPU.ActiveCfg = Release|Any CPU
		{D288F5BF-3EC6-4FE2-87BC-C8EF54E8F2D0}.Release|Any CPU.Build.0 = Release|Any CPU
		{D288F5BF-3EC6-4FE2-87BC-C8EF54E8F2D0}.Release|x64.ActiveCfg = Release|Any CPU
		{D288F5BF-3EC6-4FE2-87BC-C8EF54E8F2D0}.Release|x64.Build.0 = Release|Any CPU
		{D288F5BF-3EC6-4FE2-87BC-C8EF54E8F2D0}.Release|x86.ActiveCfg = Release|Any CPU
		{D288F5BF-3EC6-4FE2-87BC-C8EF54E8F2D0}.Release|x86.Build.0 = Release|Any CPU
		{443591CD-0A12-4BF9-ADA3-454D9852D9FF}.Debug|Any CPU.ActiveCfg = Debug|Any CPU
		{443591CD-0A12-4BF9-ADA3-454D9852D9FF}.Debug|Any CPU.Build.0 = Debug|Any CPU
		{443591CD-0A12-4BF9-ADA3-454D9852D9FF}.Debug|x64.ActiveCfg = Debug|Any CPU
		{443591CD-0A12-4BF9-ADA3-454D9852D9FF}.Debug|x64.Build.0 = Debug|Any CPU
		{443591CD-0A12-4BF9-ADA3-454D9852D9FF}.Debug|x86.ActiveCfg = Debug|Any CPU
		{443591CD-0A12-4BF9-ADA3-454D9852D9FF}.Debug|x86.Build.0 = Debug|Any CPU
		{443591CD-0A12-4BF9-ADA3-454D9852D9FF}.Release|Any CPU.ActiveCfg = Release|Any CPU
		{443591CD-0A12-4BF9-ADA3-454D9852D9FF}.Release|Any CPU.Build.0 = Release|Any CPU
		{443591CD-0A12-4BF9-ADA3-454D9852D9FF}.Release|x64.ActiveCfg = Release|Any CPU
		{443591CD-0A12-4BF9-ADA3-454D9852D9FF}.Release|x64.Build.0 = Release|Any CPU
		{443591CD-0A12-4BF9-ADA3-454D9852D9FF}.Release|x86.ActiveCfg = Release|Any CPU
		{443591CD-0A12-4BF9-ADA3-454D9852D9FF}.Release|x86.Build.0 = Release|Any CPU
		{BCF666D0-9E16-416B-9DE9-8CF454C86429}.Debug|Any CPU.ActiveCfg = Debug|Any CPU
		{BCF666D0-9E16-416B-9DE9-8CF454C86429}.Debug|Any CPU.Build.0 = Debug|Any CPU
		{BCF666D0-9E16-416B-9DE9-8CF454C86429}.Debug|x64.ActiveCfg = Debug|Any CPU
		{BCF666D0-9E16-416B-9DE9-8CF454C86429}.Debug|x64.Build.0 = Debug|Any CPU
		{BCF666D0-9E16-416B-9DE9-8CF454C86429}.Debug|x86.ActiveCfg = Debug|Any CPU
		{BCF666D0-9E16-416B-9DE9-8CF454C86429}.Debug|x86.Build.0 = Debug|Any CPU
		{BCF666D0-9E16-416B-9DE9-8CF454C86429}.Release|Any CPU.ActiveCfg = Release|Any CPU
		{BCF666D0-9E16-416B-9DE9-8CF454C86429}.Release|Any CPU.Build.0 = Release|Any CPU
		{BCF666D0-9E16-416B-9DE9-8CF454C86429}.Release|x64.ActiveCfg = Release|Any CPU
		{BCF666D0-9E16-416B-9DE9-8CF454C86429}.Release|x64.Build.0 = Release|Any CPU
		{BCF666D0-9E16-416B-9DE9-8CF454C86429}.Release|x86.ActiveCfg = Release|Any CPU
		{BCF666D0-9E16-416B-9DE9-8CF454C86429}.Release|x86.Build.0 = Release|Any CPU
		{77006058-C80E-4ED1-8EDC-7EA7D7C6E12D}.Debug|Any CPU.ActiveCfg = Debug|Any CPU
		{77006058-C80E-4ED1-8EDC-7EA7D7C6E12D}.Debug|Any CPU.Build.0 = Debug|Any CPU
		{77006058-C80E-4ED1-8EDC-7EA7D7C6E12D}.Debug|x64.ActiveCfg = Debug|Any CPU
		{77006058-C80E-4ED1-8EDC-7EA7D7C6E12D}.Debug|x64.Build.0 = Debug|Any CPU
		{77006058-C80E-4ED1-8EDC-7EA7D7C6E12D}.Debug|x86.ActiveCfg = Debug|Any CPU
		{77006058-C80E-4ED1-8EDC-7EA7D7C6E12D}.Debug|x86.Build.0 = Debug|Any CPU
		{77006058-C80E-4ED1-8EDC-7EA7D7C6E12D}.Release|Any CPU.ActiveCfg = Release|Any CPU
		{77006058-C80E-4ED1-8EDC-7EA7D7C6E12D}.Release|Any CPU.Build.0 = Release|Any CPU
		{77006058-C80E-4ED1-8EDC-7EA7D7C6E12D}.Release|x64.ActiveCfg = Release|Any CPU
		{77006058-C80E-4ED1-8EDC-7EA7D7C6E12D}.Release|x64.Build.0 = Release|Any CPU
		{77006058-C80E-4ED1-8EDC-7EA7D7C6E12D}.Release|x86.ActiveCfg = Release|Any CPU
		{77006058-C80E-4ED1-8EDC-7EA7D7C6E12D}.Release|x86.Build.0 = Release|Any CPU
		{B0FB595D-232C-4253-811F-A534B9274951}.Debug|Any CPU.ActiveCfg = Debug|Any CPU
		{B0FB595D-232C-4253-811F-A534B9274951}.Debug|Any CPU.Build.0 = Debug|Any CPU
		{B0FB595D-232C-4253-811F-A534B9274951}.Debug|x64.ActiveCfg = Debug|Any CPU
		{B0FB595D-232C-4253-811F-A534B9274951}.Debug|x64.Build.0 = Debug|Any CPU
		{B0FB595D-232C-4253-811F-A534B9274951}.Debug|x86.ActiveCfg = Debug|Any CPU
		{B0FB595D-232C-4253-811F-A534B9274951}.Debug|x86.Build.0 = Debug|Any CPU
		{B0FB595D-232C-4253-811F-A534B9274951}.Release|Any CPU.ActiveCfg = Release|Any CPU
		{B0FB595D-232C-4253-811F-A534B9274951}.Release|Any CPU.Build.0 = Release|Any CPU
		{B0FB595D-232C-4253-811F-A534B9274951}.Release|x64.ActiveCfg = Release|Any CPU
		{B0FB595D-232C-4253-811F-A534B9274951}.Release|x64.Build.0 = Release|Any CPU
		{B0FB595D-232C-4253-811F-A534B9274951}.Release|x86.ActiveCfg = Release|Any CPU
		{B0FB595D-232C-4253-811F-A534B9274951}.Release|x86.Build.0 = Release|Any CPU
		{6EF1670B-E31C-435E-B92E-159B05305B27}.Debug|Any CPU.ActiveCfg = Debug|Any CPU
		{6EF1670B-E31C-435E-B92E-159B05305B27}.Debug|Any CPU.Build.0 = Debug|Any CPU
		{6EF1670B-E31C-435E-B92E-159B05305B27}.Debug|x64.ActiveCfg = Debug|Any CPU
		{6EF1670B-E31C-435E-B92E-159B05305B27}.Debug|x64.Build.0 = Debug|Any CPU
		{6EF1670B-E31C-435E-B92E-159B05305B27}.Debug|x86.ActiveCfg = Debug|Any CPU
		{6EF1670B-E31C-435E-B92E-159B05305B27}.Debug|x86.Build.0 = Debug|Any CPU
		{6EF1670B-E31C-435E-B92E-159B05305B27}.Release|Any CPU.ActiveCfg = Release|Any CPU
		{6EF1670B-E31C-435E-B92E-159B05305B27}.Release|Any CPU.Build.0 = Release|Any CPU
		{6EF1670B-E31C-435E-B92E-159B05305B27}.Release|x64.ActiveCfg = Release|Any CPU
		{6EF1670B-E31C-435E-B92E-159B05305B27}.Release|x64.Build.0 = Release|Any CPU
		{6EF1670B-E31C-435E-B92E-159B05305B27}.Release|x86.ActiveCfg = Release|Any CPU
		{6EF1670B-E31C-435E-B92E-159B05305B27}.Release|x86.Build.0 = Release|Any CPU
	EndGlobalSection
	GlobalSection(SolutionProperties) = preSolution
		HideSolutionNode = FALSE
	EndGlobalSection
	GlobalSection(NestedProjects) = preSolution
		{CF587449-3E0C-4020-8CA3-D94EF01677DC} = {827E0CD3-B72D-47B6-A68D-7590B98EB39B}
		{F1463725-140B-4B85-822E-4D8E342D3B65} = {827E0CD3-B72D-47B6-A68D-7590B98EB39B}
		{BFB7DE5B-6652-4B8B-A620-2B5FC98C09F8} = {827E0CD3-B72D-47B6-A68D-7590B98EB39B}
		{81ADDEEB-59B0-4FA6-BDFF-E107A8B063CF} = {827E0CD3-B72D-47B6-A68D-7590B98EB39B}
		{113E974A-4964-4082-BA90-E23D495D36C1} = {827E0CD3-B72D-47B6-A68D-7590B98EB39B}
		{8745CFBC-8C72-FB2C-510F-D780164FACB3} = {827E0CD3-B72D-47B6-A68D-7590B98EB39B}
		{F490E381-3BA6-4442-15F2-7CEABB2240D7} = {8745CFBC-8C72-FB2C-510F-D780164FACB3}
		{E1FB9BE7-55ED-4581-AD6A-73D905AC7C92} = {F490E381-3BA6-4442-15F2-7CEABB2240D7}
		{2065CE60-8A9D-4769-8CAD-A0C015545930} = {927D5C5A-C3F5-A059-FD9E-09B4C1EC2C3D}
		{2029E766-0FA4-4B99-8A80-F89191AA08E4} = {927D5C5A-C3F5-A059-FD9E-09B4C1EC2C3D}
		{71268136-CF96-490B-95EB-55720DD71E7E} = {927D5C5A-C3F5-A059-FD9E-09B4C1EC2C3D}
		{22415DEF-A723-4AFF-B880-CFE9DE2614AA} = {927D5C5A-C3F5-A059-FD9E-09B4C1EC2C3D}
                {DFE5224A-EDE1-4D09-A963-35BDA4F65EB3} = {927D5C5A-C3F5-A059-FD9E-09B4C1EC2C3D}
		{F60BA199-D564-439F-8DEE-520978CF0ED6} = {927D5C5A-C3F5-A059-FD9E-09B4C1EC2C3D}
		{D288F5BF-3EC6-4FE2-87BC-C8EF54E8F2D0} = {927D5C5A-C3F5-A059-FD9E-09B4C1EC2C3D}
		{443591CD-0A12-4BF9-ADA3-454D9852D9FF} = {927D5C5A-C3F5-A059-FD9E-09B4C1EC2C3D}
		{BCF666D0-9E16-416B-9DE9-8CF454C86429} = {927D5C5A-C3F5-A059-FD9E-09B4C1EC2C3D}
		{77006058-C80E-4ED1-8EDC-7EA7D7C6E12D} = {927D5C5A-C3F5-A059-FD9E-09B4C1EC2C3D}
		{B0FB595D-232C-4253-811F-A534B9274951} = {927D5C5A-C3F5-A059-FD9E-09B4C1EC2C3D}
		{6EF1670B-E31C-435E-B92E-159B05305B27} = {927D5C5A-C3F5-A059-FD9E-09B4C1EC2C3D}
	EndGlobalSection
EndGlobal
